
Microsoft Visual Studio Solution File, Format Version 12.00
# Visual Studio 14
VisualStudioVersion = 14.0.25123.0
MinimumVisualStudioVersion = 10.0.40219.1
Project("{FAE04EC0-301F-11D3-BF4B-00C04F79EFBC}") = "BspTree", "BspTree\BspTree.csproj", "{19E72109-EFC3-40A1-83D8-D44C335D3696}"
EndProject
Project("{FAE04EC0-301F-11D3-BF4B-00C04F79EFBC}") = "MathExt", "MathExt\MathExt.csproj", "{6DBFD4B0-B053-474F-A683-E512801BDF59}"
EndProject
Global
	GlobalSection(SolutionConfigurationPlatforms) = preSolution
		Debug|Any CPU = Debug|Any CPU
		Release|Any CPU = Release|Any CPU
	EndGlobalSection
	GlobalSection(ProjectConfigurationPlatforms) = postSolution
		{19E72109-EFC3-40A1-83D8-D44C335D3696}.Debug|Any CPU.ActiveCfg = Debug|Any CPU
		{19E72109-EFC3-40A1-83D8-D44C335D3696}.Debug|Any CPU.Build.0 = Debug|Any CPU
		{19E72109-EFC3-40A1-83D8-D44C335D3696}.Release|Any CPU.ActiveCfg = Release|Any CPU
		{19E72109-EFC3-40A1-83D8-D44C335D3696}.Release|Any CPU.Build.0 = Release|Any CPU
		{6DBFD4B0-B053-474F-A683-E512801BDF59}.Debug|Any CPU.ActiveCfg = Debug|Any CPU
		{6DBFD4B0-B053-474F-A683-E512801BDF59}.Debug|Any CPU.Build.0 = Debug|Any CPU
		{6DBFD4B0-B053-474F-A683-E512801BDF59}.Release|Any CPU.ActiveCfg = Release|Any CPU
		{6DBFD4B0-B053-474F-A683-E512801BDF59}.Release|Any CPU.Build.0 = Release|Any CPU
	EndGlobalSection
	GlobalSection(SolutionProperties) = preSolution
		HideSolutionNode = FALSE
	EndGlobalSection
EndGlobal
